
Microsoft Visual Studio Solution File, Format Version 12.00
# Visual Studio Version 16
VisualStudioVersion = 16.0.29324.140
MinimumVisualStudioVersion = 10.0.40219.1
Project("{FAE04EC0-301F-11D3-BF4B-00C04F79EFBC}") = "lidgrenexample", "lidgrenexample\lidgrenexample.csproj", "{D9D77711-C557-4F62-80C9-4D7487ACC6C2}"
EndProject
Project("{FAE04EC0-301F-11D3-BF4B-00C04F79EFBC}") = "lidgrenexample.client", "lidgrenexample.client\lidgrenexample.client.csproj", "{C8DDCE00-0470-4F6A-8AFD-4C73942A6751}"
EndProject
Global
	GlobalSection(SolutionConfigurationPlatforms) = preSolution
		Debug|Any CPU = Debug|Any CPU
		Release|Any CPU = Release|Any CPU
	EndGlobalSection
	GlobalSection(ProjectConfigurationPlatforms) = postSolution
		{D9D77711-C557-4F62-80C9-4D7487ACC6C2}.Debug|Any CPU.ActiveCfg = Debug|Any CPU
		{D9D77711-C557-4F62-80C9-4D7487ACC6C2}.Debug|Any CPU.Build.0 = Debug|Any CPU
		{D9D77711-C557-4F62-80C9-4D7487ACC6C2}.Release|Any CPU.ActiveCfg = Release|Any CPU
		{D9D77711-C557-4F62-80C9-4D7487ACC6C2}.Release|Any CPU.Build.0 = Release|Any CPU
		{C8DDCE00-0470-4F6A-8AFD-4C73942A6751}.Debug|Any CPU.ActiveCfg = Debug|Any CPU
		{C8DDCE00-0470-4F6A-8AFD-4C73942A6751}.Debug|Any CPU.Build.0 = Debug|Any CPU
		{C8DDCE00-0470-4F6A-8AFD-4C73942A6751}.Release|Any CPU.ActiveCfg = Release|Any CPU
		{C8DDCE00-0470-4F6A-8AFD-4C73942A6751}.Release|Any CPU.Build.0 = Release|Any CPU
	EndGlobalSection
	GlobalSection(SolutionProperties) = preSolution
		HideSolutionNode = FALSE
	EndGlobalSection
	GlobalSection(ExtensibilityGlobals) = postSolution
		SolutionGuid = {58AC6285-8A5F-4650-99EA-A77278C9C0B3}
	EndGlobalSection
EndGlobal
